
Microsoft Visual Studio Solution File, Format Version 12.00
# Visual Studio Version 17
VisualStudioVersion = 17.14.36301.6 d17.14
MinimumVisualStudioVersion = 10.0.40219.1
Project("{FAE04EC0-301F-11D3-BF4B-00C04F79EFBC}") = "Catalog-Service", "Catalog-Service.csproj", "{E66DF0A7-D288-4C09-8EBB-063AE7E1D759}"
EndProject
Global
	GlobalSection(SolutionConfigurationPlatforms) = preSolution
		Debug|Any CPU = Debug|Any CPU
		Release|Any CPU = Release|Any CPU
	EndGlobalSection
	GlobalSection(ProjectConfigurationPlatforms) = postSolution
		{E66DF0A7-D288-4C09-8EBB-063AE7E1D759}.Debug|Any CPU.ActiveCfg = Debug|Any CPU
		{E66DF0A7-D288-4C09-8EBB-063AE7E1D759}.Debug|Any CPU.Build.0 = Debug|Any CPU
		{E66DF0A7-D288-4C09-8EBB-063AE7E1D759}.Release|Any CPU.ActiveCfg = Release|Any CPU
		{E66DF0A7-D288-4C09-8EBB-063AE7E1D759}.Release|Any CPU.Build.0 = Release|Any CPU
	EndGlobalSection
	GlobalSection(SolutionProperties) = preSolution
		HideSolutionNode = FALSE
	EndGlobalSection
	GlobalSection(ExtensibilityGlobals) = postSolution
		SolutionGuid = {5F8BDDB6-4C3F-45E6-97AB-6FE4E6E5D348}
	EndGlobalSection
EndGlobal
