
Microsoft Visual Studio Solution File, Format Version 12.00
# Visual Studio Version 17
VisualStudioVersion = 17.13.35931.197 d17.13
MinimumVisualStudioVersion = 10.0.40219.1
Project("{FAE04EC0-301F-11D3-BF4B-00C04F79EFBC}") = "DataCaptureService", "DataCaptureService\DataCaptureService.csproj", "{E9454884-890C-4E69-BAEC-A36DD347F012}"
EndProject
Project("{FAE04EC0-301F-11D3-BF4B-00C04F79EFBC}") = "ProcessingService", "ProcessingService\ProcessingService.csproj", "{AEDEFF25-82A7-4216-924F-1EFF71EC1719}"
EndProject
Project("{2150E333-8FDC-42A3-9474-1A3956D46DE8}") = "TestData", "TestData", "{02EA681E-C7D8-13C7-8484-4AC65E1B71E8}"
EndProject
Project("{2150E333-8FDC-42A3-9474-1A3956D46DE8}") = "Input", "Input", "{D6089117-AD4A-4EB0-B8BD-06B35E595481}"
EndProject
Project("{2150E333-8FDC-42A3-9474-1A3956D46DE8}") = "Output", "Output", "{BB078CDE-86DA-459D-86AE-33816EC59253}"
EndProject
Project("{2150E333-8FDC-42A3-9474-1A3956D46DE8}") = "SampleFiles", "SampleFiles", "{116F0583-F840-412F-831C-B31A85ED11A7}"
EndProject
Project("{2150E333-8FDC-42A3-9474-1A3956D46DE8}") = "Temp", "Temp", "{FC7558C4-9FBC-4754-A6BD-353F3C4EEC6D}"
EndProject
Global
	GlobalSection(SolutionConfigurationPlatforms) = preSolution
		Debug|Any CPU = Debug|Any CPU
		Release|Any CPU = Release|Any CPU
	EndGlobalSection
	GlobalSection(ProjectConfigurationPlatforms) = postSolution
		{E9454884-890C-4E69-BAEC-A36DD347F012}.Debug|Any CPU.ActiveCfg = Debug|Any CPU
		{E9454884-890C-4E69-BAEC-A36DD347F012}.Debug|Any CPU.Build.0 = Debug|Any CPU
		{E9454884-890C-4E69-BAEC-A36DD347F012}.Release|Any CPU.ActiveCfg = Release|Any CPU
		{E9454884-890C-4E69-BAEC-A36DD347F012}.Release|Any CPU.Build.0 = Release|Any CPU
		{AEDEFF25-82A7-4216-924F-1EFF71EC1719}.Debug|Any CPU.ActiveCfg = Debug|Any CPU
		{AEDEFF25-82A7-4216-924F-1EFF71EC1719}.Debug|Any CPU.Build.0 = Debug|Any CPU
		{AEDEFF25-82A7-4216-924F-1EFF71EC1719}.Release|Any CPU.ActiveCfg = Release|Any CPU
		{AEDEFF25-82A7-4216-924F-1EFF71EC1719}.Release|Any CPU.Build.0 = Release|Any CPU
	EndGlobalSection
	GlobalSection(SolutionProperties) = preSolution
		HideSolutionNode = FALSE
	EndGlobalSection
	GlobalSection(NestedProjects) = preSolution
		{D6089117-AD4A-4EB0-B8BD-06B35E595481} = {02EA681E-C7D8-13C7-8484-4AC65E1B71E8}
		{BB078CDE-86DA-459D-86AE-33816EC59253} = {02EA681E-C7D8-13C7-8484-4AC65E1B71E8}
		{116F0583-F840-412F-831C-B31A85ED11A7} = {02EA681E-C7D8-13C7-8484-4AC65E1B71E8}
		{FC7558C4-9FBC-4754-A6BD-353F3C4EEC6D} = {02EA681E-C7D8-13C7-8484-4AC65E1B71E8}
	EndGlobalSection
	GlobalSection(ExtensibilityGlobals) = postSolution
		SolutionGuid = {DE8387AB-2CB9-488A-A717-75FF5BA756BC}
	EndGlobalSection
EndGlobal
